
Microsoft Visual Studio Solution File, Format Version 12.00
# Visual Studio Version 16
VisualStudioVersion = 16.0.29806.167
MinimumVisualStudioVersion = 10.0.40219.1
Project("{9A19103F-16F7-4668-BE54-9A1E7A4F7556}") = "AFLTips.Server", "AFLTips\Server\AFLTips.Server.csproj", "{0844C383-183F-422C-AF0A-3C4E4F1E6A7F}"
EndProject
Project("{9A19103F-16F7-4668-BE54-9A1E7A4F7556}") = "AFLTips.Client", "AFLTips\Client\AFLTips.Client.csproj", "{D370CF07-81F2-4E5B-9270-F33287931043}"
EndProject
Project("{9A19103F-16F7-4668-BE54-9A1E7A4F7556}") = "AFLTips.Shared", "AFLTips\Shared\AFLTips.Shared.csproj", "{5A43A91A-FF95-40B3-B14C-E98B329FF82E}"
EndProject
Project("{00D1A9C2-B5F0-4AF3-8072-F6C62B433612}") = "AFLTips.Database", "AFLTips.Database\AFLTips.Database.sqlproj", "{102B3576-FEEF-41B4-B126-6A604DC2754B}"
EndProject
Project("{FAE04EC0-301F-11D3-BF4B-00C04F79EFBC}") = "AFLTips.UnitTests", "AFLTips.UnitTests\AFLTips.UnitTests.csproj", "{259F6B20-DD62-489B-BCB2-FC96165AAFEA}"
EndProject
Global
	GlobalSection(SolutionConfigurationPlatforms) = preSolution
		Debug|Any CPU = Debug|Any CPU
		Release|Any CPU = Release|Any CPU
	EndGlobalSection
	GlobalSection(ProjectConfigurationPlatforms) = postSolution
		{0844C383-183F-422C-AF0A-3C4E4F1E6A7F}.Debug|Any CPU.ActiveCfg = Debug|Any CPU
		{0844C383-183F-422C-AF0A-3C4E4F1E6A7F}.Debug|Any CPU.Build.0 = Debug|Any CPU
		{0844C383-183F-422C-AF0A-3C4E4F1E6A7F}.Release|Any CPU.ActiveCfg = Release|Any CPU
		{0844C383-183F-422C-AF0A-3C4E4F1E6A7F}.Release|Any CPU.Build.0 = Release|Any CPU
		{D370CF07-81F2-4E5B-9270-F33287931043}.Debug|Any CPU.ActiveCfg = Debug|Any CPU
		{D370CF07-81F2-4E5B-9270-F33287931043}.Debug|Any CPU.Build.0 = Debug|Any CPU
		{D370CF07-81F2-4E5B-9270-F33287931043}.Release|Any CPU.ActiveCfg = Release|Any CPU
		{D370CF07-81F2-4E5B-9270-F33287931043}.Release|Any CPU.Build.0 = Release|Any CPU
		{5A43A91A-FF95-40B3-B14C-E98B329FF82E}.Debug|Any CPU.ActiveCfg = Debug|Any CPU
		{5A43A91A-FF95-40B3-B14C-E98B329FF82E}.Debug|Any CPU.Build.0 = Debug|Any CPU
		{5A43A91A-FF95-40B3-B14C-E98B329FF82E}.Release|Any CPU.ActiveCfg = Release|Any CPU
		{5A43A91A-FF95-40B3-B14C-E98B329FF82E}.Release|Any CPU.Build.0 = Release|Any CPU
		{102B3576-FEEF-41B4-B126-6A604DC2754B}.Debug|Any CPU.ActiveCfg = Debug|Any CPU
		{102B3576-FEEF-41B4-B126-6A604DC2754B}.Debug|Any CPU.Build.0 = Debug|Any CPU
		{102B3576-FEEF-41B4-B126-6A604DC2754B}.Debug|Any CPU.Deploy.0 = Debug|Any CPU
		{102B3576-FEEF-41B4-B126-6A604DC2754B}.Release|Any CPU.ActiveCfg = Release|Any CPU
		{102B3576-FEEF-41B4-B126-6A604DC2754B}.Release|Any CPU.Build.0 = Release|Any CPU
		{102B3576-FEEF-41B4-B126-6A604DC2754B}.Release|Any CPU.Deploy.0 = Release|Any CPU
		{259F6B20-DD62-489B-BCB2-FC96165AAFEA}.Debug|Any CPU.ActiveCfg = Debug|Any CPU
		{259F6B20-DD62-489B-BCB2-FC96165AAFEA}.Debug|Any CPU.Build.0 = Debug|Any CPU
		{259F6B20-DD62-489B-BCB2-FC96165AAFEA}.Release|Any CPU.ActiveCfg = Release|Any CPU
		{259F6B20-DD62-489B-BCB2-FC96165AAFEA}.Release|Any CPU.Build.0 = Release|Any CPU
	EndGlobalSection
	GlobalSection(SolutionProperties) = preSolution
		HideSolutionNode = FALSE
	EndGlobalSection
	GlobalSection(ExtensibilityGlobals) = postSolution
		SolutionGuid = {907A4F1F-EA7C-47B7-A108-0AF693986295}
	EndGlobalSection
EndGlobal
